
Microsoft Visual Studio Solution File, Format Version 12.00
# Visual Studio Version 16
VisualStudioVersion = 16.0.30002.166
MinimumVisualStudioVersion = 10.0.40219.1
Project("{FAE04EC0-301F-11D3-BF4B-00C04F79EFBC}") = "CardEngine", "CardEngine\CardEngine.csproj", "{372FD5E9-4708-4A87-BD2C-9F8EC7F8018D}"
EndProject
Project("{FAE04EC0-301F-11D3-BF4B-00C04F79EFBC}") = "ConsolePokerClient", "ConsolePokerClient\ConsolePokerClient.csproj", "{D3881839-3539-4B69-B03B-3EB274EAC265}"
EndProject
Project("{FAE04EC0-301F-11D3-BF4B-00C04F79EFBC}") = "CardEngineTests", "CardEngineTests\CardEngineTests.csproj", "{3D6D173E-8099-45E3-AAB2-DFB718B4F9DD}"
EndProject
Global
	GlobalSection(SolutionConfigurationPlatforms) = preSolution
		Debug|Any CPU = Debug|Any CPU
		Release|Any CPU = Release|Any CPU
	EndGlobalSection
	GlobalSection(ProjectConfigurationPlatforms) = postSolution
		{372FD5E9-4708-4A87-BD2C-9F8EC7F8018D}.Debug|Any CPU.ActiveCfg = Debug|Any CPU
		{372FD5E9-4708-4A87-BD2C-9F8EC7F8018D}.Debug|Any CPU.Build.0 = Debug|Any CPU
		{372FD5E9-4708-4A87-BD2C-9F8EC7F8018D}.Release|Any CPU.ActiveCfg = Release|Any CPU
		{372FD5E9-4708-4A87-BD2C-9F8EC7F8018D}.Release|Any CPU.Build.0 = Release|Any CPU
		{D3881839-3539-4B69-B03B-3EB274EAC265}.Debug|Any CPU.ActiveCfg = Debug|Any CPU
		{D3881839-3539-4B69-B03B-3EB274EAC265}.Debug|Any CPU.Build.0 = Debug|Any CPU
		{D3881839-3539-4B69-B03B-3EB274EAC265}.Release|Any CPU.ActiveCfg = Release|Any CPU
		{D3881839-3539-4B69-B03B-3EB274EAC265}.Release|Any CPU.Build.0 = Release|Any CPU
		{3D6D173E-8099-45E3-AAB2-DFB718B4F9DD}.Debug|Any CPU.ActiveCfg = Debug|Any CPU
		{3D6D173E-8099-45E3-AAB2-DFB718B4F9DD}.Debug|Any CPU.Build.0 = Debug|Any CPU
		{3D6D173E-8099-45E3-AAB2-DFB718B4F9DD}.Release|Any CPU.ActiveCfg = Release|Any CPU
		{3D6D173E-8099-45E3-AAB2-DFB718B4F9DD}.Release|Any CPU.Build.0 = Release|Any CPU
	EndGlobalSection
	GlobalSection(SolutionProperties) = preSolution
		HideSolutionNode = FALSE
	EndGlobalSection
	GlobalSection(ExtensibilityGlobals) = postSolution
		SolutionGuid = {94F9465D-0B7D-4F6F-AA02-A8E283EF86A1}
	EndGlobalSection
EndGlobal
